{
  "nodes": {
    "flake-compat": {
      "flake": false,
      "locked": {
        "lastModified": 1767039857,
        "narHash": "sha256-vNpUSpF5Nuw8xvDLj2KCwwksIbjua2LZCqhV1LNRDns=",
        "owner": "edolstra",
        "repo": "flake-compat",
        "rev": "5edf11c44bc78a0d334f6334cdaf7d60d732daab",
        "type": "github"
      },
      "original": {
        "owner": "edolstra",
        "repo": "flake-compat",
        "type": "github"
      }
    },
    "kubenix": {
      "inputs": {
        "flake-compat": "flake-compat",
        "nixpkgs": [
          "nixpkgs"
        ],
        "systems": "systems",
        "treefmt": "treefmt"
      },
      "locked": {
        "lastModified": 1774538489,
        "narHash": "sha256-YLMciDLFm1IJlZcHByaBWJGNpKzD2Jb3Hkt45g0iEHk=",
        "owner": "hall",
        "repo": "kubenix",
        "rev": "c4029684bc552ed5a372427a51efbb6648270f2b",
        "type": "github"
      },
      "original": {
        "owner": "hall",
        "repo": "kubenix",
        "type": "github"
      }
    },
    "nixpkgs": {
      "locked": {
        "lastModified": 1776329215,
        "narHash": "sha256-a8BYi3mzoJ/AcJP8UldOx8emoPRLeWqALZWu4ZvjPXw=",
        "owner": "NixOS",
        "repo": "nixpkgs",
        "rev": "b86751bc4085f48661017fa226dee99fab6c651b",
        "type": "github"
      },
      "original": {
        "owner": "NixOS",
        "ref": "nixpkgs-unstable",
        "repo": "nixpkgs",
        "type": "github"
      }
    },
    "pyproject-build-systems": {
      "inputs": {
        "nixpkgs": [
          "nixpkgs"
        ],
        "pyproject-nix": [
          "pyproject-nix"
        ],
        "uv2nix": [
          "uv2nix"
        ]
      },
      "locked": {
        "lastModified": 1776659114,
        "narHash": "sha256-qapCOQmR++yZSY43dzrp3wCrkOTLpod+ONtJWBk6iKU=",
        "owner": "pyproject-nix",
        "repo": "build-system-pkgs",
        "rev": "ffaa2161dd5d63e0e94591f86b54fc239660fb2e",
        "type": "github"
      },
      "original": {
        "owner": "pyproject-nix",
        "repo": "build-system-pkgs",
        "type": "github"
      }
    },
    "pyproject-nix": {
      "inputs": {
        "nixpkgs": [
          "nixpkgs"
        ]
      },
      "locked": {
        "lastModified": 1776715674,
        "narHash": "sha256-Gs1VnEkCkkRZxJQAC/Dhz0Jbfi22mFXChbtNg9w/Ybg=",
        "owner": "pyproject-nix",
        "repo": "pyproject.nix",
        "rev": "69f57f27e52a87c54e28138a75ec741cd46663c9",
        "type": "github"
      },
      "original": {
        "owner": "pyproject-nix",
        "repo": "pyproject.nix",
        "type": "github"
      }
    },
    "root": {
      "inputs": {
        "kubenix": "kubenix",
        "nixpkgs": "nixpkgs",
        "pyproject-build-systems": "pyproject-build-systems",
        "pyproject-nix": "pyproject-nix",
        "uv2nix": "uv2nix"
      }
    },
    "systems": {
      "locked": {
        "lastModified": 1681028828,
        "narHash": "sha256-Vy1rq5AaRuLzOxct8nz4T6wlgyUR7zLU309k9mBC768=",
        "owner": "nix-systems",
        "repo": "default",
        "rev": "da67096a3b9bf56a91d16901293e51ba5b49a27e",
        "type": "github"
      },
      "original": {
        "id": "systems",
        "type": "indirect"
      }
    },
    "treefmt": {
      "inputs": {
        "nixpkgs": [
          "kubenix",
          "nixpkgs"
        ]
      },
      "locked": {
        "lastModified": 1772660329,
        "narHash": "sha256-IjU1FxYqm+VDe5qIOxoW+pISBlGvVApRjiw/Y/ttJzY=",
        "owner": "numtide",
        "repo": "treefmt-nix",
        "rev": "3710e0e1218041bbad640352a0440114b1e10428",
        "type": "github"
      },
      "original": {
        "owner": "numtide",
        "repo": "treefmt-nix",
        "type": "github"
      }
    },
    "uv2nix": {
      "inputs": {
        "nixpkgs": [
          "nixpkgs"
        ],
        "pyproject-nix": [
          "pyproject-nix"
        ]
      },
      "locked": {
        "lastModified": 1776718528,
        "narHash": "sha256-XeGmo/BhkFXd8vVyendr3X4mQmw7CEkeQcpy7AHbVcg=",
        "owner": "pyproject-nix",
        "repo": "uv2nix",
        "rev": "60982c30e16db3e0cba6c0ed13f0894b06ab2bf1",
        "type": "github"
      },
      "original": {
        "owner": "pyproject-nix",
        "repo": "uv2nix",
        "type": "github"
      }
    }
  },
  "root": "root",
  "version": 7
}
