dependencies:
- name: rabbitmq
  repository: oci://registry-1.docker.io/bitnamicharts
  version: 15.5.0
- name: keycloak
  repository: oci://registry-1.docker.io/bitnamicharts
  version: 24.4.13
digest: sha256:301c2d8337c0b16c817a860dff8538eb4075f02b99e48a65faa3c0f7b76fcb1f
generated: "2025-09-01T15:21:40.785145715+02:00"
